{
  "object": {
    "pins": [
      {
        "package": "SwiftyVector",
        "repositoryURL": "https://github.com/koher/SwiftyVector.git",
        "state": {
          "branch": null,
          "revision": "1100755929327a3a5f99388f3d23f1c540ea5b1c",
          "version": "0.3.1"
        }
      }
    ]
  },
  "version": 1
}
