{
  "object": {
    "pins": [
      {
        "package": "SwiftyVector",
        "repositoryURL": "https://github.com/koher/SwiftyVector.git",
        "state": {
          "branch": "dev-0.4.0",
          "revision": "2c2b14ed9b23eaf4fad022f76b20c8cf06c81534",
          "version": null
        }
      }
    ]
  },
  "version": 1
}
